
Microsoft Visual Studio Solution File, Format Version 12.00
# Visual Studio 15
VisualStudioVersion = 15.0.26730.15
MinimumVisualStudioVersion = 10.0.40219.1
Project("{FAE04EC0-301F-11D3-BF4B-00C04F79EFBC}") = "ExileSystem", "ExileSystem.csproj", "{87DFA74E-1C71-4355-9BBC-E48740AFEC9A}"
EndProject
Project("{FAE04EC0-301F-11D3-BF4B-00C04F79EFBC}") = "ExileSystemServer", "..\ExileSystemServer\ExileSystemServer.csproj", "{2FFD40F1-251E-4618-9C02-26EC29D42600}"
EndProject
Global
	GlobalSection(SolutionConfigurationPlatforms) = preSolution
		Debug|Any CPU = Debug|Any CPU
		Release|Any CPU = Release|Any CPU
	EndGlobalSection
	GlobalSection(ProjectConfigurationPlatforms) = postSolution
		{87DFA74E-1C71-4355-9BBC-E48740AFEC9A}.Debug|Any CPU.ActiveCfg = Debug|Any CPU
		{87DFA74E-1C71-4355-9BBC-E48740AFEC9A}.Debug|Any CPU.Build.0 = Debug|Any CPU
		{87DFA74E-1C71-4355-9BBC-E48740AFEC9A}.Release|Any CPU.ActiveCfg = Release|Any CPU
		{87DFA74E-1C71-4355-9BBC-E48740AFEC9A}.Release|Any CPU.Build.0 = Release|Any CPU
		{2FFD40F1-251E-4618-9C02-26EC29D42600}.Debug|Any CPU.ActiveCfg = Debug|Any CPU
		{2FFD40F1-251E-4618-9C02-26EC29D42600}.Debug|Any CPU.Build.0 = Debug|Any CPU
		{2FFD40F1-251E-4618-9C02-26EC29D42600}.Release|Any CPU.ActiveCfg = Release|Any CPU
		{2FFD40F1-251E-4618-9C02-26EC29D42600}.Release|Any CPU.Build.0 = Release|Any CPU
	EndGlobalSection
	GlobalSection(SolutionProperties) = preSolution
		HideSolutionNode = FALSE
	EndGlobalSection
	GlobalSection(ExtensibilityGlobals) = postSolution
		SolutionGuid = {B4BBAB7D-ADF2-4287-B8F4-4D61CD1E15AD}
	EndGlobalSection
EndGlobal
